
Microsoft Visual Studio Solution File, Format Version 12.00
# Visual Studio Version 16
VisualStudioVersion = 16.0.31402.337
MinimumVisualStudioVersion = 10.0.40219.1
Project("{FAE04EC0-301F-11D3-BF4B-00C04F79EFBC}") = "CenterDistanceCounter", "CenterDistanceCounter\CenterDistanceCounter.csproj", "{9891AFEB-1FC8-4673-83DB-37D3E67BCF26}"
EndProject
Project("{2150E333-8FDC-42A3-9474-1A3956D46DE8}") = "Solution Items", "Solution Items", "{F92FC822-6696-477B-A5FC-D017AE74B2BB}"
	ProjectSection(SolutionItems) = preProject
		README.md = README.md
		README_EN.md = README_EN.md
	EndProjectSection
EndProject
Project("{2150E333-8FDC-42A3-9474-1A3956D46DE8}") = "Images", "Images", "{E5F78815-C647-44C9-8564-E550C639E15E}"
	ProjectSection(SolutionItems) = preProject
		..\..\..\Downloads\sample.jpg = ..\..\..\Downloads\sample.jpg
	EndProjectSection
EndProject
Global
	GlobalSection(SolutionConfigurationPlatforms) = preSolution
		Debug|Any CPU = Debug|Any CPU
		Release|Any CPU = Release|Any CPU
	EndGlobalSection
	GlobalSection(ProjectConfigurationPlatforms) = postSolution
		{9891AFEB-1FC8-4673-83DB-37D3E67BCF26}.Debug|Any CPU.ActiveCfg = Debug|Any CPU
		{9891AFEB-1FC8-4673-83DB-37D3E67BCF26}.Debug|Any CPU.Build.0 = Debug|Any CPU
		{9891AFEB-1FC8-4673-83DB-37D3E67BCF26}.Release|Any CPU.ActiveCfg = Release|Any CPU
		{9891AFEB-1FC8-4673-83DB-37D3E67BCF26}.Release|Any CPU.Build.0 = Release|Any CPU
	EndGlobalSection
	GlobalSection(SolutionProperties) = preSolution
		HideSolutionNode = FALSE
	EndGlobalSection
	GlobalSection(NestedProjects) = preSolution
		{E5F78815-C647-44C9-8564-E550C639E15E} = {F92FC822-6696-477B-A5FC-D017AE74B2BB}
	EndGlobalSection
	GlobalSection(ExtensibilityGlobals) = postSolution
		SolutionGuid = {743A0E58-E368-4E63-B861-409A1ECB5C08}
	EndGlobalSection
EndGlobal
